
Microsoft Visual Studio Solution File, Format Version 12.00
# Visual Studio Version 17
VisualStudioVersion = 17.0.31903.59
MinimumVisualStudioVersion = 10.0.40219.1
Project("{2150E333-8FDC-42A3-9474-1A3956D46DE8}") = "src", "src", "{6C4F4C1F-90A9-46CA-B82F-A7FCF0B94E6E}"
EndProject
Project("{FAE04EC0-301F-11D3-BF4B-00C04F79EFBC}") = "Valtuutus.Playground", "samples\Valtuutus.Playground\Valtuutus.Playground.csproj", "{C45DF205-1484-49D5-A8C0-5AEADCC144D3}"
EndProject
Project("{FAE04EC0-301F-11D3-BF4B-00C04F79EFBC}") = "Valtuutus.Core", "src\Valtuutus.Core\Valtuutus.Core.csproj", "{8CC248F9-8A7C-4237-B527-031A5F764B18}"
EndProject
Project("{FAE04EC0-301F-11D3-BF4B-00C04F79EFBC}") = "Valtuutus.Data", "src\Valtuutus.Data\Valtuutus.Data.csproj", "{AC943A70-A50E-436E-A743-5008D1272B1F}"
EndProject
Project("{2150E333-8FDC-42A3-9474-1A3956D46DE8}") = "Solution Items", "Solution Items", "{D7A6602B-1ADA-48CB-B6BC-DD7BDB273068}"
	ProjectSection(SolutionItems) = preProject
		docker-compose.yml = docker-compose.yml
		README.md = README.md
		.github\workflows\build.yml = .github\workflows\build.yml
		.github\workflows\codeql-analysis.yml = .github\workflows\codeql-analysis.yml
	EndProjectSection
EndProject
Project("{FAE04EC0-301F-11D3-BF4B-00C04F79EFBC}") = "Valtuutus.Core.Tests", "tests\Valtuutus.Core.Tests\Valtuutus.Core.Tests.csproj", "{D074253B-9547-493D-A2E8-DCF0DB1D3204}"
EndProject
Project("{FAE04EC0-301F-11D3-BF4B-00C04F79EFBC}") = "Valtuutus.Data.Postgres", "src\Valtuutus.Data.Postgres\Valtuutus.Data.Postgres.csproj", "{5C19C542-4D53-4F67-9BA1-9808A3D7F1F1}"
EndProject
Project("{FAE04EC0-301F-11D3-BF4B-00C04F79EFBC}") = "Valtuutus.Data.SqlServer", "src\Valtuutus.Data.SqlServer\Valtuutus.Data.SqlServer.csproj", "{18ADD67E-35CD-44D5-A43F-237C81A08818}"
EndProject
Project("{2150E333-8FDC-42A3-9474-1A3956D46DE8}") = "tests", "tests", "{D383AD39-3BE1-43F8-BF40-E3F7A6D1CD1D}"
EndProject
Project("{FAE04EC0-301F-11D3-BF4B-00C04F79EFBC}") = "Valtuutus.Data.Postgres.Tests", "tests\Valtuutus.Data.Postgres.Tests\Valtuutus.Data.Postgres.Tests.csproj", "{6C84DD3C-7885-435B-95BA-76ACA0F5F0AA}"
EndProject
Project("{FAE04EC0-301F-11D3-BF4B-00C04F79EFBC}") = "Valtuutus.Tests.Shared", "tests\Valtuutus.Tests.Shared\Valtuutus.Tests.Shared.csproj", "{C5EA2815-117F-4FF9-B6DA-87EC47B884C2}"
EndProject
Project("{FAE04EC0-301F-11D3-BF4B-00C04F79EFBC}") = "Valtuutus.Data.SqlServer.Tests", "tests\Valtuutus.Data.SqlServer.Tests\Valtuutus.Data.SqlServer.Tests.csproj", "{954D9B3C-A6BF-4211-9EB5-B205093593A6}"
EndProject
Project("{2150E333-8FDC-42A3-9474-1A3956D46DE8}") = "samples", "samples", "{62CDC085-2DF2-4389-B65B-CB893B15A2C1}"
EndProject
Project("{FAE04EC0-301F-11D3-BF4B-00C04F79EFBC}") = "Valtuutus.Data.Tests.Shared", "tests\Valtuutus.Data.Tests.Shared\Valtuutus.Data.Tests.Shared.csproj", "{9FA14311-F75A-473E-9042-E9A3F9187300}"
EndProject
Global
	GlobalSection(SolutionConfigurationPlatforms) = preSolution
		Debug|Any CPU = Debug|Any CPU
		Release|Any CPU = Release|Any CPU
	EndGlobalSection
	GlobalSection(SolutionProperties) = preSolution
		HideSolutionNode = FALSE
	EndGlobalSection
	GlobalSection(ProjectConfigurationPlatforms) = postSolution
		{C45DF205-1484-49D5-A8C0-5AEADCC144D3}.Debug|Any CPU.ActiveCfg = Debug|Any CPU
		{C45DF205-1484-49D5-A8C0-5AEADCC144D3}.Debug|Any CPU.Build.0 = Debug|Any CPU
		{C45DF205-1484-49D5-A8C0-5AEADCC144D3}.Release|Any CPU.ActiveCfg = Release|Any CPU
		{C45DF205-1484-49D5-A8C0-5AEADCC144D3}.Release|Any CPU.Build.0 = Release|Any CPU
		{8CC248F9-8A7C-4237-B527-031A5F764B18}.Debug|Any CPU.ActiveCfg = Debug|Any CPU
		{8CC248F9-8A7C-4237-B527-031A5F764B18}.Debug|Any CPU.Build.0 = Debug|Any CPU
		{8CC248F9-8A7C-4237-B527-031A5F764B18}.Release|Any CPU.ActiveCfg = Release|Any CPU
		{8CC248F9-8A7C-4237-B527-031A5F764B18}.Release|Any CPU.Build.0 = Release|Any CPU
		{AC943A70-A50E-436E-A743-5008D1272B1F}.Debug|Any CPU.ActiveCfg = Debug|Any CPU
		{AC943A70-A50E-436E-A743-5008D1272B1F}.Debug|Any CPU.Build.0 = Debug|Any CPU
		{AC943A70-A50E-436E-A743-5008D1272B1F}.Release|Any CPU.ActiveCfg = Release|Any CPU
		{AC943A70-A50E-436E-A743-5008D1272B1F}.Release|Any CPU.Build.0 = Release|Any CPU
		{D074253B-9547-493D-A2E8-DCF0DB1D3204}.Debug|Any CPU.ActiveCfg = Debug|Any CPU
		{D074253B-9547-493D-A2E8-DCF0DB1D3204}.Debug|Any CPU.Build.0 = Debug|Any CPU
		{D074253B-9547-493D-A2E8-DCF0DB1D3204}.Release|Any CPU.ActiveCfg = Release|Any CPU
		{D074253B-9547-493D-A2E8-DCF0DB1D3204}.Release|Any CPU.Build.0 = Release|Any CPU
		{5C19C542-4D53-4F67-9BA1-9808A3D7F1F1}.Debug|Any CPU.ActiveCfg = Debug|Any CPU
		{5C19C542-4D53-4F67-9BA1-9808A3D7F1F1}.Debug|Any CPU.Build.0 = Debug|Any CPU
		{5C19C542-4D53-4F67-9BA1-9808A3D7F1F1}.Release|Any CPU.ActiveCfg = Release|Any CPU
		{5C19C542-4D53-4F67-9BA1-9808A3D7F1F1}.Release|Any CPU.Build.0 = Release|Any CPU
		{18ADD67E-35CD-44D5-A43F-237C81A08818}.Debug|Any CPU.ActiveCfg = Debug|Any CPU
		{18ADD67E-35CD-44D5-A43F-237C81A08818}.Debug|Any CPU.Build.0 = Debug|Any CPU
		{18ADD67E-35CD-44D5-A43F-237C81A08818}.Release|Any CPU.ActiveCfg = Release|Any CPU
		{18ADD67E-35CD-44D5-A43F-237C81A08818}.Release|Any CPU.Build.0 = Release|Any CPU
		{6C84DD3C-7885-435B-95BA-76ACA0F5F0AA}.Debug|Any CPU.ActiveCfg = Debug|Any CPU
		{6C84DD3C-7885-435B-95BA-76ACA0F5F0AA}.Debug|Any CPU.Build.0 = Debug|Any CPU
		{6C84DD3C-7885-435B-95BA-76ACA0F5F0AA}.Release|Any CPU.ActiveCfg = Release|Any CPU
		{6C84DD3C-7885-435B-95BA-76ACA0F5F0AA}.Release|Any CPU.Build.0 = Release|Any CPU
		{C5EA2815-117F-4FF9-B6DA-87EC47B884C2}.Debug|Any CPU.ActiveCfg = Debug|Any CPU
		{C5EA2815-117F-4FF9-B6DA-87EC47B884C2}.Debug|Any CPU.Build.0 = Debug|Any CPU
		{C5EA2815-117F-4FF9-B6DA-87EC47B884C2}.Release|Any CPU.ActiveCfg = Release|Any CPU
		{C5EA2815-117F-4FF9-B6DA-87EC47B884C2}.Release|Any CPU.Build.0 = Release|Any CPU
		{954D9B3C-A6BF-4211-9EB5-B205093593A6}.Debug|Any CPU.ActiveCfg = Debug|Any CPU
		{954D9B3C-A6BF-4211-9EB5-B205093593A6}.Debug|Any CPU.Build.0 = Debug|Any CPU
		{954D9B3C-A6BF-4211-9EB5-B205093593A6}.Release|Any CPU.ActiveCfg = Release|Any CPU
		{954D9B3C-A6BF-4211-9EB5-B205093593A6}.Release|Any CPU.Build.0 = Release|Any CPU
		{9FA14311-F75A-473E-9042-E9A3F9187300}.Debug|Any CPU.ActiveCfg = Debug|Any CPU
		{9FA14311-F75A-473E-9042-E9A3F9187300}.Debug|Any CPU.Build.0 = Debug|Any CPU
		{9FA14311-F75A-473E-9042-E9A3F9187300}.Release|Any CPU.ActiveCfg = Release|Any CPU
		{9FA14311-F75A-473E-9042-E9A3F9187300}.Release|Any CPU.Build.0 = Release|Any CPU
	EndGlobalSection
	GlobalSection(NestedProjects) = preSolution
		{8CC248F9-8A7C-4237-B527-031A5F764B18} = {6C4F4C1F-90A9-46CA-B82F-A7FCF0B94E6E}
		{AC943A70-A50E-436E-A743-5008D1272B1F} = {6C4F4C1F-90A9-46CA-B82F-A7FCF0B94E6E}
		{5C19C542-4D53-4F67-9BA1-9808A3D7F1F1} = {6C4F4C1F-90A9-46CA-B82F-A7FCF0B94E6E}
		{18ADD67E-35CD-44D5-A43F-237C81A08818} = {6C4F4C1F-90A9-46CA-B82F-A7FCF0B94E6E}
		{D074253B-9547-493D-A2E8-DCF0DB1D3204} = {D383AD39-3BE1-43F8-BF40-E3F7A6D1CD1D}
		{6C84DD3C-7885-435B-95BA-76ACA0F5F0AA} = {D383AD39-3BE1-43F8-BF40-E3F7A6D1CD1D}
		{C5EA2815-117F-4FF9-B6DA-87EC47B884C2} = {D383AD39-3BE1-43F8-BF40-E3F7A6D1CD1D}
		{954D9B3C-A6BF-4211-9EB5-B205093593A6} = {D383AD39-3BE1-43F8-BF40-E3F7A6D1CD1D}
		{C45DF205-1484-49D5-A8C0-5AEADCC144D3} = {62CDC085-2DF2-4389-B65B-CB893B15A2C1}
		{9FA14311-F75A-473E-9042-E9A3F9187300} = {D383AD39-3BE1-43F8-BF40-E3F7A6D1CD1D}
	EndGlobalSection
EndGlobal
